
Microsoft Visual Studio Solution File, Format Version 12.00
# Visual Studio Version 16
VisualStudioVersion = 16.0.31025.194
MinimumVisualStudioVersion = 10.0.40219.1
Project("{FAE04EC0-301F-11D3-BF4B-00C04F79EFBC}") = "SimchaFund.web", "SimchaFund.web\SimchaFund.web.csproj", "{B6AEE154-A444-422A-8C7A-63834A02780E}"
EndProject
Global
	GlobalSection(SolutionConfigurationPlatforms) = preSolution
		Debug|Any CPU = Debug|Any CPU
		Release|Any CPU = Release|Any CPU
	EndGlobalSection
	GlobalSection(ProjectConfigurationPlatforms) = postSolution
		{B6AEE154-A444-422A-8C7A-63834A02780E}.Debug|Any CPU.ActiveCfg = Debug|Any CPU
		{B6AEE154-A444-422A-8C7A-63834A02780E}.Debug|Any CPU.Build.0 = Debug|Any CPU
		{B6AEE154-A444-422A-8C7A-63834A02780E}.Release|Any CPU.ActiveCfg = Release|Any CPU
		{B6AEE154-A444-422A-8C7A-63834A02780E}.Release|Any CPU.Build.0 = Release|Any CPU
	EndGlobalSection
	GlobalSection(SolutionProperties) = preSolution
		HideSolutionNode = FALSE
	EndGlobalSection
	GlobalSection(ExtensibilityGlobals) = postSolution
		SolutionGuid = {E7F9E87C-9B8C-49C3-A340-679008AA12E2}
	EndGlobalSection
EndGlobal
